
Microsoft Visual Studio Solution File, Format Version 12.00
# Visual Studio Version 17
VisualStudioVersion = 17.9.34723.18
MinimumVisualStudioVersion = 10.0.40219.1
Project("{FAE04EC0-301F-11D3-BF4B-00C04F79EFBC}") = "CleanArhitecture", "CleanArhitecture\CleanArhitecture.csproj", "{8601C752-A892-4AF6-808B-053E0F9BB441}"
EndProject
Project("{FAE04EC0-301F-11D3-BF4B-00C04F79EFBC}") = "Ecomerce.Domain", "Ecomerce.Domain\Ecomerce.Domain.csproj", "{4CBF9C97-D575-4176-BD64-C69FAF947A4B}"
EndProject
Project("{FAE04EC0-301F-11D3-BF4B-00C04F79EFBC}") = "Ecomerce.Aplication", "Ecomerce.Aplication\Ecomerce.Aplication.csproj", "{9BA2FC99-3236-4237-9D4A-10C5DD663FC9}"
EndProject
Project("{FAE04EC0-301F-11D3-BF4B-00C04F79EFBC}") = "Ecomerce.Infrastructure", "Ecomerce.Infrastructure\Ecomerce.Infrastructure.csproj", "{2C48CE1E-CEBD-40FE-9AC7-EE35F9A67C71}"
EndProject
Project("{FAE04EC0-301F-11D3-BF4B-00C04F79EFBC}") = "Ecomerce.ConsolePresentation", "Ecomerce.ConsolePresentation\Ecomerce.ConsolePresentation.csproj", "{4CFE5EEA-45D6-4895-AA77-21A246E0DC84}"
EndProject
Global
	GlobalSection(SolutionConfigurationPlatforms) = preSolution
		Debug|Any CPU = Debug|Any CPU
		Release|Any CPU = Release|Any CPU
	EndGlobalSection
	GlobalSection(ProjectConfigurationPlatforms) = postSolution
		{8601C752-A892-4AF6-808B-053E0F9BB441}.Debug|Any CPU.ActiveCfg = Debug|Any CPU
		{8601C752-A892-4AF6-808B-053E0F9BB441}.Debug|Any CPU.Build.0 = Debug|Any CPU
		{8601C752-A892-4AF6-808B-053E0F9BB441}.Release|Any CPU.ActiveCfg = Release|Any CPU
		{8601C752-A892-4AF6-808B-053E0F9BB441}.Release|Any CPU.Build.0 = Release|Any CPU
		{4CBF9C97-D575-4176-BD64-C69FAF947A4B}.Debug|Any CPU.ActiveCfg = Debug|Any CPU
		{4CBF9C97-D575-4176-BD64-C69FAF947A4B}.Debug|Any CPU.Build.0 = Debug|Any CPU
		{4CBF9C97-D575-4176-BD64-C69FAF947A4B}.Release|Any CPU.ActiveCfg = Release|Any CPU
		{4CBF9C97-D575-4176-BD64-C69FAF947A4B}.Release|Any CPU.Build.0 = Release|Any CPU
		{9BA2FC99-3236-4237-9D4A-10C5DD663FC9}.Debug|Any CPU.ActiveCfg = Debug|Any CPU
		{9BA2FC99-3236-4237-9D4A-10C5DD663FC9}.Debug|Any CPU.Build.0 = Debug|Any CPU
		{9BA2FC99-3236-4237-9D4A-10C5DD663FC9}.Release|Any CPU.ActiveCfg = Release|Any CPU
		{9BA2FC99-3236-4237-9D4A-10C5DD663FC9}.Release|Any CPU.Build.0 = Release|Any CPU
		{2C48CE1E-CEBD-40FE-9AC7-EE35F9A67C71}.Debug|Any CPU.ActiveCfg = Debug|Any CPU
		{2C48CE1E-CEBD-40FE-9AC7-EE35F9A67C71}.Debug|Any CPU.Build.0 = Debug|Any CPU
		{2C48CE1E-CEBD-40FE-9AC7-EE35F9A67C71}.Release|Any CPU.ActiveCfg = Release|Any CPU
		{2C48CE1E-CEBD-40FE-9AC7-EE35F9A67C71}.Release|Any CPU.Build.0 = Release|Any CPU
		{4CFE5EEA-45D6-4895-AA77-21A246E0DC84}.Debug|Any CPU.ActiveCfg = Debug|Any CPU
		{4CFE5EEA-45D6-4895-AA77-21A246E0DC84}.Debug|Any CPU.Build.0 = Debug|Any CPU
		{4CFE5EEA-45D6-4895-AA77-21A246E0DC84}.Release|Any CPU.ActiveCfg = Release|Any CPU
		{4CFE5EEA-45D6-4895-AA77-21A246E0DC84}.Release|Any CPU.Build.0 = Release|Any CPU
	EndGlobalSection
	GlobalSection(SolutionProperties) = preSolution
		HideSolutionNode = FALSE
	EndGlobalSection
	GlobalSection(ExtensibilityGlobals) = postSolution
		SolutionGuid = {4D5D45F9-5371-4199-93E6-CC84B24A3632}
	EndGlobalSection
EndGlobal
